
Microsoft Visual Studio Solution File, Format Version 12.00
# Visual Studio Version 17
VisualStudioVersion = 17.3.32929.385
MinimumVisualStudioVersion = 10.0.40219.1
Project("{FAE04EC0-301F-11D3-BF4B-00C04F79EFBC}") = "CasRnf32NET", "CasRnf32NET\CasRnf32NET.csproj", "{216DD68B-BA02-45FC-BFAA-685A8F085A7F}"
EndProject
Project("{54435603-DBB4-11D2-8724-00A0C9A8B90C}") = "CasRnf32NETSetup", "CasRnf32NETSetup\CasRnf32NETSetup.vdproj", "{42460975-E42A-4584-83A7-4566D2B16D90}"
EndProject
Project("{FAE04EC0-301F-11D3-BF4B-00C04F79EFBC}") = "EOL_GND", "EOL_GND\EOL_GND.csproj", "{4D54DFF3-E40D-44BB-84B5-8338BA4E88DE}"
EndProject
Project("{54435603-DBB4-11D2-8724-00A0C9A8B90C}") = "EOL_GND Setup", "EOL_GND Setup\EOL_GND Setup.vdproj", "{AF5F5DE0-F007-411C-B5B7-22F069A62084}"
EndProject
Project("{FAE04EC0-301F-11D3-BF4B-00C04F79EFBC}") = "EOL_GND Setup Actions", "EOL_GND Setup Actions\EOL_GND Setup Actions.csproj", "{32F68C1D-77D4-487E-A967-F33EED4CB7FD}"
EndProject
Project("{FAE04EC0-301F-11D3-BF4B-00C04F79EFBC}") = "E100RC_ProductionDLL", "E100RC_ProductionDLL\E100RC_ProductionDLL.csproj", "{CAA73D1E-EF7E-4A8C-A5C5-7B2A637DDD4E}"
EndProject
Project("{FAE04EC0-301F-11D3-BF4B-00C04F79EFBC}") = "Be.Windows.Forms.HexBox", "Be.Windows.Forms.HexBox\Be.Windows.Forms.HexBox.csproj", "{26C5F25F-B450-4CAF-AD8B-B8D11AE73457}"
EndProject
Project("{FAE04EC0-301F-11D3-BF4B-00C04F79EFBC}") = "InfoBox", "InfoBox\InfoBox.csproj", "{18B58CA4-E470-4EB4-AC2B-52BECAFE0B53}"
EndProject
Global
	GlobalSection(SolutionConfigurationPlatforms) = preSolution
		Debug|Any CPU = Debug|Any CPU
		Debug|x64 = Debug|x64
		Debug|x86 = Debug|x86
		Release|Any CPU = Release|Any CPU
		Release|x64 = Release|x64
		Release|x86 = Release|x86
	EndGlobalSection
	GlobalSection(ProjectConfigurationPlatforms) = postSolution
		{216DD68B-BA02-45FC-BFAA-685A8F085A7F}.Debug|Any CPU.ActiveCfg = Debug|Any CPU
		{216DD68B-BA02-45FC-BFAA-685A8F085A7F}.Debug|Any CPU.Build.0 = Debug|Any CPU
		{216DD68B-BA02-45FC-BFAA-685A8F085A7F}.Debug|x64.ActiveCfg = Debug|x64
		{216DD68B-BA02-45FC-BFAA-685A8F085A7F}.Debug|x64.Build.0 = Debug|x64
		{216DD68B-BA02-45FC-BFAA-685A8F085A7F}.Debug|x86.ActiveCfg = Debug|x86
		{216DD68B-BA02-45FC-BFAA-685A8F085A7F}.Debug|x86.Build.0 = Debug|x86
		{216DD68B-BA02-45FC-BFAA-685A8F085A7F}.Release|Any CPU.ActiveCfg = Release|Any CPU
		{216DD68B-BA02-45FC-BFAA-685A8F085A7F}.Release|Any CPU.Build.0 = Release|Any CPU
		{216DD68B-BA02-45FC-BFAA-685A8F085A7F}.Release|x64.ActiveCfg = Release|x64
		{216DD68B-BA02-45FC-BFAA-685A8F085A7F}.Release|x64.Build.0 = Release|x64
		{216DD68B-BA02-45FC-BFAA-685A8F085A7F}.Release|x86.ActiveCfg = Release|x86
		{216DD68B-BA02-45FC-BFAA-685A8F085A7F}.Release|x86.Build.0 = Release|x86
		{42460975-E42A-4584-83A7-4566D2B16D90}.Debug|Any CPU.ActiveCfg = Debug
		{42460975-E42A-4584-83A7-4566D2B16D90}.Debug|x64.ActiveCfg = Debug
		{42460975-E42A-4584-83A7-4566D2B16D90}.Debug|x64.Build.0 = Debug
		{42460975-E42A-4584-83A7-4566D2B16D90}.Debug|x86.ActiveCfg = Debug
		{42460975-E42A-4584-83A7-4566D2B16D90}.Release|Any CPU.ActiveCfg = Release
		{42460975-E42A-4584-83A7-4566D2B16D90}.Release|x64.ActiveCfg = Release
		{42460975-E42A-4584-83A7-4566D2B16D90}.Release|x64.Build.0 = Release
		{42460975-E42A-4584-83A7-4566D2B16D90}.Release|x86.ActiveCfg = Release
		{4D54DFF3-E40D-44BB-84B5-8338BA4E88DE}.Debug|Any CPU.ActiveCfg = Debug|Any CPU
		{4D54DFF3-E40D-44BB-84B5-8338BA4E88DE}.Debug|Any CPU.Build.0 = Debug|Any CPU
		{4D54DFF3-E40D-44BB-84B5-8338BA4E88DE}.Debug|x64.ActiveCfg = Debug|x64
		{4D54DFF3-E40D-44BB-84B5-8338BA4E88DE}.Debug|x64.Build.0 = Debug|x64
		{4D54DFF3-E40D-44BB-84B5-8338BA4E88DE}.Debug|x86.ActiveCfg = Debug|x86
		{4D54DFF3-E40D-44BB-84B5-8338BA4E88DE}.Debug|x86.Build.0 = Debug|x86
		{4D54DFF3-E40D-44BB-84B5-8338BA4E88DE}.Release|Any CPU.ActiveCfg = Release|Any CPU
		{4D54DFF3-E40D-44BB-84B5-8338BA4E88DE}.Release|Any CPU.Build.0 = Release|Any CPU
		{4D54DFF3-E40D-44BB-84B5-8338BA4E88DE}.Release|x64.ActiveCfg = Release|x64
		{4D54DFF3-E40D-44BB-84B5-8338BA4E88DE}.Release|x64.Build.0 = Release|x64
		{4D54DFF3-E40D-44BB-84B5-8338BA4E88DE}.Release|x86.ActiveCfg = Release|x86
		{4D54DFF3-E40D-44BB-84B5-8338BA4E88DE}.Release|x86.Build.0 = Release|x86
		{AF5F5DE0-F007-411C-B5B7-22F069A62084}.Debug|Any CPU.ActiveCfg = Debug
		{AF5F5DE0-F007-411C-B5B7-22F069A62084}.Debug|Any CPU.Build.0 = Debug
		{AF5F5DE0-F007-411C-B5B7-22F069A62084}.Debug|x64.ActiveCfg = Debug
		{AF5F5DE0-F007-411C-B5B7-22F069A62084}.Debug|x64.Build.0 = Debug
		{AF5F5DE0-F007-411C-B5B7-22F069A62084}.Debug|x86.ActiveCfg = Debug
		{AF5F5DE0-F007-411C-B5B7-22F069A62084}.Debug|x86.Build.0 = Debug
		{AF5F5DE0-F007-411C-B5B7-22F069A62084}.Release|Any CPU.ActiveCfg = Release
		{AF5F5DE0-F007-411C-B5B7-22F069A62084}.Release|Any CPU.Build.0 = Release
		{AF5F5DE0-F007-411C-B5B7-22F069A62084}.Release|x64.ActiveCfg = Release
		{AF5F5DE0-F007-411C-B5B7-22F069A62084}.Release|x64.Build.0 = Release
		{AF5F5DE0-F007-411C-B5B7-22F069A62084}.Release|x86.ActiveCfg = Release
		{AF5F5DE0-F007-411C-B5B7-22F069A62084}.Release|x86.Build.0 = Release
		{32F68C1D-77D4-487E-A967-F33EED4CB7FD}.Debug|Any CPU.ActiveCfg = Debug|Any CPU
		{32F68C1D-77D4-487E-A967-F33EED4CB7FD}.Debug|Any CPU.Build.0 = Debug|Any CPU
		{32F68C1D-77D4-487E-A967-F33EED4CB7FD}.Debug|x64.ActiveCfg = Debug|x64
		{32F68C1D-77D4-487E-A967-F33EED4CB7FD}.Debug|x64.Build.0 = Debug|x64
		{32F68C1D-77D4-487E-A967-F33EED4CB7FD}.Debug|x86.ActiveCfg = Debug|x86
		{32F68C1D-77D4-487E-A967-F33EED4CB7FD}.Debug|x86.Build.0 = Debug|x86
		{32F68C1D-77D4-487E-A967-F33EED4CB7FD}.Release|Any CPU.ActiveCfg = Release|Any CPU
		{32F68C1D-77D4-487E-A967-F33EED4CB7FD}.Release|Any CPU.Build.0 = Release|Any CPU
		{32F68C1D-77D4-487E-A967-F33EED4CB7FD}.Release|x64.ActiveCfg = Release|x64
		{32F68C1D-77D4-487E-A967-F33EED4CB7FD}.Release|x64.Build.0 = Release|x64
		{32F68C1D-77D4-487E-A967-F33EED4CB7FD}.Release|x86.ActiveCfg = Release|x86
		{32F68C1D-77D4-487E-A967-F33EED4CB7FD}.Release|x86.Build.0 = Release|x86
		{CAA73D1E-EF7E-4A8C-A5C5-7B2A637DDD4E}.Debug|Any CPU.ActiveCfg = Debug|Any CPU
		{CAA73D1E-EF7E-4A8C-A5C5-7B2A637DDD4E}.Debug|Any CPU.Build.0 = Debug|Any CPU
		{CAA73D1E-EF7E-4A8C-A5C5-7B2A637DDD4E}.Debug|x64.ActiveCfg = Debug|x64
		{CAA73D1E-EF7E-4A8C-A5C5-7B2A637DDD4E}.Debug|x64.Build.0 = Debug|x64
		{CAA73D1E-EF7E-4A8C-A5C5-7B2A637DDD4E}.Debug|x86.ActiveCfg = Debug|x86
		{CAA73D1E-EF7E-4A8C-A5C5-7B2A637DDD4E}.Debug|x86.Build.0 = Debug|x86
		{CAA73D1E-EF7E-4A8C-A5C5-7B2A637DDD4E}.Release|Any CPU.ActiveCfg = Release|Any CPU
		{CAA73D1E-EF7E-4A8C-A5C5-7B2A637DDD4E}.Release|Any CPU.Build.0 = Release|Any CPU
		{CAA73D1E-EF7E-4A8C-A5C5-7B2A637DDD4E}.Release|x64.ActiveCfg = Release|x64
		{CAA73D1E-EF7E-4A8C-A5C5-7B2A637DDD4E}.Release|x64.Build.0 = Release|x64
		{CAA73D1E-EF7E-4A8C-A5C5-7B2A637DDD4E}.Release|x86.ActiveCfg = Release|x86
		{CAA73D1E-EF7E-4A8C-A5C5-7B2A637DDD4E}.Release|x86.Build.0 = Release|x86
		{26C5F25F-B450-4CAF-AD8B-B8D11AE73457}.Debug|Any CPU.ActiveCfg = Debug|Any CPU
		{26C5F25F-B450-4CAF-AD8B-B8D11AE73457}.Debug|Any CPU.Build.0 = Debug|Any CPU
		{26C5F25F-B450-4CAF-AD8B-B8D11AE73457}.Debug|x64.ActiveCfg = Debug|x64
		{26C5F25F-B450-4CAF-AD8B-B8D11AE73457}.Debug|x64.Build.0 = Debug|x64
		{26C5F25F-B450-4CAF-AD8B-B8D11AE73457}.Debug|x86.ActiveCfg = Debug|x86
		{26C5F25F-B450-4CAF-AD8B-B8D11AE73457}.Debug|x86.Build.0 = Debug|x86
		{26C5F25F-B450-4CAF-AD8B-B8D11AE73457}.Release|Any CPU.ActiveCfg = Release|Any CPU
		{26C5F25F-B450-4CAF-AD8B-B8D11AE73457}.Release|Any CPU.Build.0 = Release|Any CPU
		{26C5F25F-B450-4CAF-AD8B-B8D11AE73457}.Release|x64.ActiveCfg = Release|x64
		{26C5F25F-B450-4CAF-AD8B-B8D11AE73457}.Release|x64.Build.0 = Release|x64
		{26C5F25F-B450-4CAF-AD8B-B8D11AE73457}.Release|x86.ActiveCfg = Release|x86
		{26C5F25F-B450-4CAF-AD8B-B8D11AE73457}.Release|x86.Build.0 = Release|x86
		{18B58CA4-E470-4EB4-AC2B-52BECAFE0B53}.Debug|Any CPU.ActiveCfg = Debug|Any CPU
		{18B58CA4-E470-4EB4-AC2B-52BECAFE0B53}.Debug|Any CPU.Build.0 = Debug|Any CPU
		{18B58CA4-E470-4EB4-AC2B-52BECAFE0B53}.Debug|x64.ActiveCfg = Debug|Any CPU
		{18B58CA4-E470-4EB4-AC2B-52BECAFE0B53}.Debug|x64.Build.0 = Debug|Any CPU
		{18B58CA4-E470-4EB4-AC2B-52BECAFE0B53}.Debug|x86.ActiveCfg = Debug|Any CPU
		{18B58CA4-E470-4EB4-AC2B-52BECAFE0B53}.Debug|x86.Build.0 = Debug|Any CPU
		{18B58CA4-E470-4EB4-AC2B-52BECAFE0B53}.Release|Any CPU.ActiveCfg = Release|Any CPU
		{18B58CA4-E470-4EB4-AC2B-52BECAFE0B53}.Release|Any CPU.Build.0 = Release|Any CPU
		{18B58CA4-E470-4EB4-AC2B-52BECAFE0B53}.Release|x64.ActiveCfg = Release|Any CPU
		{18B58CA4-E470-4EB4-AC2B-52BECAFE0B53}.Release|x64.Build.0 = Release|Any CPU
		{18B58CA4-E470-4EB4-AC2B-52BECAFE0B53}.Release|x86.ActiveCfg = Release|Any CPU
		{18B58CA4-E470-4EB4-AC2B-52BECAFE0B53}.Release|x86.Build.0 = Release|Any CPU
	EndGlobalSection
	GlobalSection(SolutionProperties) = preSolution
		HideSolutionNode = FALSE
	EndGlobalSection
	GlobalSection(ExtensibilityGlobals) = postSolution
		SolutionGuid = {8D38C4C5-78E4-49D7-BDAA-34E26E8C33BD}
	EndGlobalSection
EndGlobal
